PODS:
  - AWSCore (2.22.0)
  - AWSS3 (2.22.0):
    - AWSCore (= 2.22.0)

DEPENDENCIES:
  - AWSS3

SPEC REPOS:
  trunk:
    - AWSCore
    - AWSS3

SPEC CHECKSUMS:
  AWSCore: 8bd1def9cb0b6770c65b6d394f1c1cbc0a5562b7
  AWSS3: 6d254539495f866786c8d2b829ccd57de1082f92

PODFILE CHECKSUM: 5fd52245685c3af949a3c8f2444cc13db675ece5

COCOAPODS: 1.9.1
