// !$*UTF8*$!
{
	archiveVersion = 1;
	classes = {
	};
	objectVersion = 50;
	objects = {

/* Begin PBXBuildFile section */
		2A158A00F9A8BF2C250A1A18 /* Pods_AWSS3Sample.framework in Frameworks */ = {isa = PBXBuildFile; fileRef = 392402F9CC03B4B283EB2EE1 /* Pods_AWSS3Sample.framework */; };
		EEC7F14325C3B17400C77797 /* AppDelegate.swift in Sources */ = {isa = PBXBuildFile; fileRef = EEC7F14225C3B17400C77797 /* AppDelegate.swift */; };
		EEC7F14525C3B17400C77797 /* SceneDelegate.swift in Sources */ = {isa = PBXBuildFile; fileRef = EEC7F14425C3B17400C77797 /* SceneDelegate.swift */; };
		EEC7F14725C3B17400C77797 /* ViewController.swift in Sources */ = {isa = PBXBuildFile; fileRef = EEC7F14625C3B17400C77797 /* ViewController.swift */; };
		EEC7F14A25C3B17400C77797 /* Main.storyboard in Resources */ = {isa = PBXBuildFile; fileRef = EEC7F14825C3B17400C77797 /* Main.storyboard */; };
		EEC7F14C25C3B17600C77797 /* Assets.xcassets in Resources */ = {isa = PBXBuildFile; fileRef = EEC7F14B25C3B17600C77797 /* Assets.xcassets */; };
		EEC7F14F25C3B17600C77797 /* LaunchScreen.storyboard in Resources */ = {isa = PBXBuildFile; fileRef = EEC7F14D25C3B17600C77797 /* LaunchScreen.storyboard */; };
/* End PBXBuildFile section */

/* Begin PBXFileReference section */
		34DCEE569E83CE8687AC72AE /* Pods-AWSS3Sample.release.xcconfig */ = {isa = PBXFileReference; includeInIndex = 1; lastKnownFileType = text.xcconfig; name = "Pods-AWSS3Sample.release.xcconfig"; path = "Target Support Files/Pods-AWSS3Sample/Pods-AWSS3Sample.release.xcconfig"; sourceTree = "<group>"; };
		392402F9CC03B4B283EB2EE1 /* Pods_AWSS3Sample.framework */ = {isa = PBXFileReference; explicitFileType = wrapper.framework; includeInIndex = 0; path = Pods_AWSS3Sample.framework; sourceTree = BUILT_PRODUCTS_DIR; };
		EEC7F13F25C3B17400C77797 /* AWSS3Sample.app */ = {isa = PBXFileReference; explicitFileType = wrapper.application; includeInIndex = 0; path = AWSS3Sample.app; sourceTree = BUILT_PRODUCTS_DIR; };
		EEC7F14225C3B17400C77797 /* AppDelegate.swift */ = {isa = PBXFileReference; lastKnownFileType = sourcecode.swift; path = AppDelegate.swift; sourceTree = "<group>"; };
		EEC7F14425C3B17400C77797 /* SceneDelegate.swift */ = {isa = PBXFileReference; lastKnownFileType = sourcecode.swift; path = SceneDelegate.swift; sourceTree = "<group>"; };
		EEC7F14625C3B17400C77797 /* ViewController.swift */ = {isa = PBXFileReference; lastKnownFileType = sourcecode.swift; path = ViewController.swift; sourceTree = "<group>"; };
		EEC7F14925C3B17400C77797 /* Base */ = {isa = PBXFileReference; lastKnownFileType = file.storyboard; name = Base; path = Base.lproj/Main.storyboard; sourceTree = "<group>"; };
		EEC7F14B25C3B17600C77797 /* Assets.xcassets */ = {isa = PBXFileReference; lastKnownFileType = folder.assetcatalog; path = Assets.xcassets; sourceTree = "<group>"; };
		EEC7F14E25C3B17600C77797 /* Base */ = {isa = PBXFileReference; lastKnownFileType = file.storyboard; name = Base; path = Base.lproj/LaunchScreen.storyboard; sourceTree = "<group>"; };
		EEC7F15025C3B17600C77797 /* Info.plist */ = {isa = PBXFileReference; lastKnownFileType = text.plist.xml; path = Info.plist; sourceTree = "<group>"; };
		FA8A4C6B1C61D3907CF31B20 /* Pods-AWSS3Sample.debug.xcconfig */ = {isa = PBXFileReference; includeInIndex = 1; lastKnownFileType = text.xcconfig; name = "Pods-AWSS3Sample.debug.xcconfig"; path = "Target Support Files/Pods-AWSS3Sample/Pods-AWSS3Sample.debug.xcconfig"; sourceTree = "<group>"; };
/* End PBXFileReference section */

/* Begin PBXFrameworksBuildPhase section */
		EEC7F13C25C3B17400C77797 /* Frameworks */ = {
			isa = PBXFrameworksBuildPhase;
			buildActionMask = 2147483647;
			files = (
				2A158A00F9A8BF2C250A1A18 /* Pods_AWSS3Sample.framework in Frameworks */,
			);
			runOnlyForDeploymentPostprocessing = 0;
		};
/* End PBXFrameworksBuildPhase section */

/* Begin PBXGroup section */
		95B8544D4678D8DC551F64CB /* Pods */ = {
			isa = PBXGroup;
			children = (
				FA8A4C6B1C61D3907CF31B20 /* Pods-AWSS3Sample.debug.xcconfig */,
				34DCEE569E83CE8687AC72AE /* Pods-AWSS3Sample.release.xcconfig */,
			);
			name = Pods;
			path = Pods;
			sourceTree = "<group>";
		};
		9652FE23D7BCC244084EA4F6 /* Frameworks */ = {
			isa = PBXGroup;
			children = (
				392402F9CC03B4B283EB2EE1 /* Pods_AWSS3Sample.framework */,
			);
			name = Frameworks;
			sourceTree = "<group>";
		};
		EEC7F13625C3B17400C77797 = {
			isa = PBXGroup;
			children = (
				EEC7F14125C3B17400C77797 /* AWSS3Sample */,
				EEC7F14025C3B17400C77797 /* Products */,
				95B8544D4678D8DC551F64CB /* Pods */,
				9652FE23D7BCC244084EA4F6 /* Frameworks */,
			);
			sourceTree = "<group>";
		};
		EEC7F14025C3B17400C77797 /* Products */ = {
			isa = PBXGroup;
			children = (
				EEC7F13F25C3B17400C77797 /* AWSS3Sample.app */,
			);
			name = Products;
			sourceTree = "<group>";
		};
		EEC7F14125C3B17400C77797 /* AWSS3Sample */ = {
			isa = PBXGroup;
			children = (
				EEC7F14225C3B17400C77797 /* AppDelegate.swift */,
				EEC7F14425C3B17400C77797 /* SceneDelegate.swift */,
				EEC7F14625C3B17400C77797 /* ViewController.swift */,
				EEC7F14825C3B17400C77797 /* Main.storyboard */,
				EEC7F14B25C3B17600C77797 /* Assets.xcassets */,
				EEC7F14D25C3B17600C77797 /* LaunchScreen.storyboard */,
				EEC7F15025C3B17600C77797 /* Info.plist */,
			);
			path = AWSS3Sample;
			sourceTree = "<group>";
		};
/* End PBXGroup section */

/* Begin PBXNativeTarget section */
		EEC7F13E25C3B17400C77797 /* AWSS3Sample */ = {
			isa = PBXNativeTarget;
			buildConfigurationList = EEC7F15325C3B17600C77797 /* Build configuration list for PBXNativeTarget "AWSS3Sample" */;
			buildPhases = (
				64F285D42EBD39E15127DA5B /* [CP] Check Pods Manifest.lock */,
				EEC7F13B25C3B17400C77797 /* Sources */,
				EEC7F13C25C3B17400C77797 /* Frameworks */,
				EEC7F13D25C3B17400C77797 /* Resources */,
				EE7B63283D651A8ED1E9096B /* [CP] Embed Pods Frameworks */,
			);
			buildRules = (
			);
			dependencies = (
			);
			name = AWSS3Sample;
			productName = AWSS3Sample;
			productReference = EEC7F13F25C3B17400C77797 /* AWSS3Sample.app */;
			productType = "com.apple.product-type.application";
		};
/* End PBXNativeTarget section */

/* Begin PBXProject section */
		EEC7F13725C3B17400C77797 /* Project object */ = {
			isa = PBXProject;
			attributes = {
				LastSwiftUpdateCheck = 1200;
				LastUpgradeCheck = 1200;
				TargetAttributes = {
					EEC7F13E25C3B17400C77797 = {
						CreatedOnToolsVersion = 12.0.1;
					};
				};
			};
			buildConfigurationList = EEC7F13A25C3B17400C77797 /* Build configuration list for PBXProject "AWSS3Sample" */;
			compatibilityVersion = "Xcode 9.3";
			developmentRegion = en;
			hasScannedForEncodings = 0;
			knownRegions = (
				en,
				Base,
			);
			mainGroup = EEC7F13625C3B17400C77797;
			productRefGroup = EEC7F14025C3B17400C77797 /* Products */;
			projectDirPath = "";
			projectRoot = "";
			targets = (
				EEC7F13E25C3B17400C77797 /* AWSS3Sample */,
			);
		};
/* End PBXProject section */

/* Begin PBXResourcesBuildPhase section */
		EEC7F13D25C3B17400C77797 /* Resources */ = {
			isa = PBXResourcesBuildPhase;
			buildActionMask = 2147483647;
			files = (
				EEC7F14F25C3B17600C77797 /* LaunchScreen.storyboard in Resources */,
				EEC7F14C25C3B17600C77797 /* Assets.xcassets in Resources */,
				EEC7F14A25C3B17400C77797 /* Main.storyboard in Resources */,
			);
			runOnlyForDeploymentPostprocessing = 0;
		};
/* End PBXResourcesBuildPhase section */

/* Begin PBXShellScriptBuildPhase section */
		64F285D42EBD39E15127DA5B /* [CP] Check Pods Manifest.lock */ = {
			isa = PBXShellScriptBuildPhase;
			buildActionMask = 2147483647;
			files = (
			);
			inputFileListPaths = (
			);
			inputPaths = (
				"${PODS_PODFILE_DIR_PATH}/Podfile.lock",
				"${PODS_ROOT}/Manifest.lock",
			);
			name = "[CP] Check Pods Manifest.lock";
			outputFileListPaths = (
			);
			outputPaths = (
				"$(DERIVED_FILE_DIR)/Pods-AWSS3Sample-checkManifestLockResult.txt",
			);
			runOnlyForDeploymentPostprocessing = 0;
			shellPath = /bin/sh;
			shellScript = "diff \"${PODS_PODFILE_DIR_PATH}/Podfile.lock\" \"${PODS_ROOT}/Manifest.lock\" > /dev/null\nif [ $? != 0 ] ; then\n    # print error to STDERR\n    echo \"error: The sandbox is not in sync with the Podfile.lock. Run 'pod install' or update your CocoaPods installation.\" >&2\n    exit 1\nfi\n# This output is used by Xcode 'outputs' to avoid re-running this script phase.\necho \"SUCCESS\" > \"${SCRIPT_OUTPUT_FILE_0}\"\n";
			showEnvVarsInLog = 0;
		};
		EE7B63283D651A8ED1E9096B /* [CP] Embed Pods Frameworks */ = {
			isa = PBXShellScriptBuildPhase;
			buildActionMask = 2147483647;
			files = (
			);
			inputFileListPaths = (
				"${PODS_ROOT}/Target Support Files/Pods-AWSS3Sample/Pods-AWSS3Sample-frameworks-${CONFIGURATION}-input-files.xcfilelist",
			);
			name = "[CP] Embed Pods Frameworks";
			outputFileListPaths = (
				"${PODS_ROOT}/Target Support Files/Pods-AWSS3Sample/Pods-AWSS3Sample-frameworks-${CONFIGURATION}-output-files.xcfilelist",
			);
			runOnlyForDeploymentPostprocessing = 0;
			shellPath = /bin/sh;
			shellScript = "\"${PODS_ROOT}/Target Support Files/Pods-AWSS3Sample/Pods-AWSS3Sample-frameworks.sh\"\n";
			showEnvVarsInLog = 0;
		};
/* End PBXShellScriptBuildPhase section */

/* Begin PBXSourcesBuildPhase section */
		EEC7F13B25C3B17400C77797 /* Sources */ = {
			isa = PBXSourcesBuildPhase;
			buildActionMask = 2147483647;
			files = (
				EEC7F14725C3B17400C77797 /* ViewController.swift in Sources */,
				EEC7F14325C3B17400C77797 /* AppDelegate.swift in Sources */,
				EEC7F14525C3B17400C77797 /* SceneDelegate.swift in Sources */,
			);
			runOnlyForDeploymentPostprocessing = 0;
		};
/* End PBXSourcesBuildPhase section */

/* Begin PBXVariantGroup section */
		EEC7F14825C3B17400C77797 /* Main.storyboard */ = {
			isa = PBXVariantGroup;
			children = (
				EEC7F14925C3B17400C77797 /* Base */,
			);
			name = Main.storyboard;
			sourceTree = "<group>";
		};
		EEC7F14D25C3B17600C77797 /* LaunchScreen.storyboard */ = {
			isa = PBXVariantGroup;
			children = (
				EEC7F14E25C3B17600C77797 /* Base */,
			);
			name = LaunchScreen.storyboard;
			sourceTree = "<group>";
		};
/* End PBXVariantGroup section */

/* Begin XCBuildConfiguration section */
		EEC7F15125C3B17600C77797 /* Debug */ = {
			isa = XCBuildConfiguration;
			buildSettings = {
				ALWAYS_SEARCH_USER_PATHS = NO;
				CLANG_ANALYZER_NONNULL = YES;
				CLANG_ANALYZER_NUMBER_OBJECT_CONVERSION = YES_AGGRESSIVE;
				CLANG_CXX_LANGUAGE_STANDARD = "gnu++14";
				CLANG_CXX_LIBRARY = "libc++";
				CLANG_ENABLE_MODULES = YES;
				CLANG_ENABLE_OBJC_ARC = YES;
				CLANG_ENABLE_OBJC_WEAK = YES;
				CLANG_WARN_BLOCK_CAPTURE_AUTORELEASING = YES;
				CLANG_WARN_BOOL_CONVERSION = YES;
				CLANG_WARN_COMMA = YES;
				CLANG_WARN_CONSTANT_CONVERSION = YES;
				CLANG_WARN_DEPRECATED_OBJC_IMPLEMENTATIONS = YES;
				CLANG_WARN_DIRECT_OBJC_ISA_USAGE = YES_ERROR;
				CLANG_WARN_DOCUMENTATION_COMMENTS = YES;
				CLANG_WARN_EMPTY_BODY = YES;
				CLANG_WARN_ENUM_CONVERSION = YES;
				CLANG_WARN_INFINITE_RECURSION = YES;
				CLANG_WARN_INT_CONVERSION = YES;
				CLANG_WARN_NON_LITERAL_NULL_CONVERSION = YES;
				CLANG_WARN_OBJC_IMPLICIT_RETAIN_SELF = YES;
				CLANG_WARN_OBJC_LITERAL_CONVERSION = YES;
				CLANG_WARN_OBJC_ROOT_CLASS = YES_ERROR;
				CLANG_WARN_QUOTED_INCLUDE_IN_FRAMEWORK_HEADER = YES;
				CLANG_WARN_RANGE_LOOP_ANALYSIS = YES;
				CLANG_WARN_STRICT_PROTOTYPES = YES;
				CLANG_WARN_SUSPICIOUS_MOVE = YES;
				CLANG_WARN_UNGUARDED_AVAILABILITY = YES_AGGRESSIVE;
				CLANG_WARN_UNREACHABLE_CODE = YES;
				CLANG_WARN__DUPLICATE_METHOD_MATCH = YES;
				COPY_PHASE_STRIP = NO;
				DEBUG_INFORMATION_FORMAT = dwarf;
				ENABLE_STRICT_OBJC_MSGSEND = YES;
				ENABLE_TESTABILITY = YES;
				GCC_C_LANGUAGE_STANDARD = gnu11;
				GCC_DYNAMIC_NO_PIC = NO;
				GCC_NO_COMMON_BLOCKS = YES;
				GCC_OPTIMIZATION_LEVEL = 0;
				GCC_PREPROCESSOR_DEFINITIONS = (
					"DEBUG=1",
					"$(inherited)",
				);
				GCC_WARN_64_TO_32_BIT_CONVERSION = YES;
				GCC_WARN_ABOUT_RETURN_TYPE = YES_ERROR;
				GCC_WARN_UNDECLARED_SELECTOR = YES;
				GCC_WARN_UNINITIALIZED_AUTOS = YES_AGGRESSIVE;
				GCC_WARN_UNUSED_FUNCTION = YES;
				GCC_WARN_UNUSED_VARIABLE = YES;
				IPHONEOS_DEPLOYMENT_TARGET = 13.0;
				MTL_ENABLE_DEBUG_INFO = INCLUDE_SOURCE;
				MTL_FAST_MATH = YES;
				ONLY_ACTIVE_ARCH = YES;
				SDKROOT = iphoneos;
				SWIFT_ACTIVE_COMPILATION_CONDITIONS = DEBUG;
				SWIFT_OPTIMIZATION_LEVEL = "-Onone";
			};
			name = Debug;
		};
		EEC7F15225C3B17600C77797 /* Release */ = {
			isa = XCBuildConfiguration;
			buildSettings = {
				ALWAYS_SEARCH_USER_PATHS = NO;
				CLANG_ANALYZER_NONNULL = YES;
				CLANG_ANALYZER_NUMBER_OBJECT_CONVERSION = YES_AGGRESSIVE;
				CLANG_CXX_LANGUAGE_STANDARD = "gnu++14";
				CLANG_CXX_LIBRARY = "libc++";
				CLANG_ENABLE_MODULES = YES;
				CLANG_ENABLE_OBJC_ARC = YES;
				CLANG_ENABLE_OBJC_WEAK = YES;
				CLANG_WARN_BLOCK_CAPTURE_AUTORELEASING = YES;
				CLANG_WARN_BOOL_CONVERSION = YES;
				CLANG_WARN_COMMA = YES;
				CLANG_WARN_CONSTANT_CONVERSION = YES;
				CLANG_WARN_DEPRECATED_OBJC_IMPLEMENTATIONS = YES;
				CLANG_WARN_DIRECT_OBJC_ISA_USAGE = YES_ERROR;
				CLANG_WARN_DOCUMENTATION_COMMENTS = YES;
				CLANG_WARN_EMPTY_BODY = YES;
				CLANG_WARN_ENUM_CONVERSION = YES;
				CLANG_WARN_INFINITE_RECURSION = YES;
				CLANG_WARN_INT_CONVERSION = YES;
				CLANG_WARN_NON_LITERAL_NULL_CONVERSION = YES;
				CLANG_WARN_OBJC_IMPLICIT_RETAIN_SELF = YES;
				CLANG_WARN_OBJC_LITERAL_CONVERSION = YES;
				CLANG_WARN_OBJC_ROOT_CLASS = YES_ERROR;
				CLANG_WARN_QUOTED_INCLUDE_IN_FRAMEWORK_HEADER = YES;
				CLANG_WARN_RANGE_LOOP_ANALYSIS = YES;
				CLANG_WARN_STRICT_PROTOTYPES = YES;
				CLANG_WARN_SUSPICIOUS_MOVE = YES;
				CLANG_WARN_UNGUARDED_AVAILABILITY = YES_AGGRESSIVE;
				CLANG_WARN_UNREACHABLE_CODE = YES;
				CLANG_WARN__DUPLICATE_METHOD_MATCH = YES;
				COPY_PHASE_STRIP = NO;
				DEBUG_INFORMATION_FORMAT = "dwarf-with-dsym";
				ENABLE_NS_ASSERTIONS = NO;
				ENABLE_STRICT_OBJC_MSGSEND = YES;
				GCC_C_LANGUAGE_STANDARD = gnu11;
				GCC_NO_COMMON_BLOCKS = YES;
				GCC_WARN_64_TO_32_BIT_CONVERSION = YES;
				GCC_WARN_ABOUT_RETURN_TYPE = YES_ERROR;
				GCC_WARN_UNDECLARED_SELECTOR = YES;
				GCC_WARN_UNINITIALIZED_AUTOS = YES_AGGRESSIVE;
				GCC_WARN_UNUSED_FUNCTION = YES;
				GCC_WARN_UNUSED_VARIABLE = YES;
				IPHONEOS_DEPLOYMENT_TARGET = 13.0;
				MTL_ENABLE_DEBUG_INFO = NO;
				MTL_FAST_MATH = YES;
				SDKROOT = iphoneos;
				SWIFT_COMPILATION_MODE = wholemodule;
				SWIFT_OPTIMIZATION_LEVEL = "-O";
				VALIDATE_PRODUCT = YES;
			};
			name = Release;
		};
		EEC7F15425C3B17600C77797 /* Debug */ = {
			isa = XCBuildConfiguration;
			baseConfigurationReference = FA8A4C6B1C61D3907CF31B20 /* Pods-AWSS3Sample.debug.xcconfig */;
			buildSettings = {
				ASSETCATALOG_COMPILER_APPICON_NAME = AppIcon;
				ASSETCATALOG_COMPILER_GLOBAL_ACCENT_COLOR_NAME = AccentColor;
				CODE_SIGN_STYLE = Automatic;
				INFOPLIST_FILE = AWSS3Sample/Info.plist;
				IPHONEOS_DEPLOYMENT_TARGET = 13.0;
				LD_RUNPATH_SEARCH_PATHS = (
					"$(inherited)",
					"@executable_path/Frameworks",
				);
				PRODUCT_BUNDLE_IDENTIFIER = NIO.AWSS3Sample;
				PRODUCT_NAME = "$(TARGET_NAME)";
				SWIFT_VERSION = 5.0;
				TARGETED_DEVICE_FAMILY = "1,2";
			};
			name = Debug;
		};
		EEC7F15525C3B17600C77797 /* Release */ = {
			isa = XCBuildConfiguration;
			baseConfigurationReference = 34DCEE569E83CE8687AC72AE /* Pods-AWSS3Sample.release.xcconfig */;
			buildSettings = {
				ASSETCATALOG_COMPILER_APPICON_NAME = AppIcon;
				ASSETCATALOG_COMPILER_GLOBAL_ACCENT_COLOR_NAME = AccentColor;
				CODE_SIGN_STYLE = Automatic;
				INFOPLIST_FILE = AWSS3Sample/Info.plist;
				IPHONEOS_DEPLOYMENT_TARGET = 13.0;
				LD_RUNPATH_SEARCH_PATHS = (
					"$(inherited)",
					"@executable_path/Frameworks",
				);
				PRODUCT_BUNDLE_IDENTIFIER = NIO.AWSS3Sample;
				PRODUCT_NAME = "$(TARGET_NAME)";
				SWIFT_VERSION = 5.0;
				TARGETED_DEVICE_FAMILY = "1,2";
			};
			name = Release;
		};
/* End XCBuildConfiguration section */

/* Begin XCConfigurationList section */
		EEC7F13A25C3B17400C77797 /* Build configuration list for PBXProject "AWSS3Sample" */ = {
			isa = XCConfigurationList;
			buildConfigurations = (
				EEC7F15125C3B17600C77797 /* Debug */,
				EEC7F15225C3B17600C77797 /* Release */,
			);
			defaultConfigurationIsVisible = 0;
			defaultConfigurationName = Release;
		};
		EEC7F15325C3B17600C77797 /* Build configuration list for PBXNativeTarget "AWSS3Sample" */ = {
			isa = XCConfigurationList;
			buildConfigurations = (
				EEC7F15425C3B17600C77797 /* Debug */,
				EEC7F15525C3B17600C77797 /* Release */,
			);
			defaultConfigurationIsVisible = 0;
			defaultConfigurationName = Release;
		};
/* End XCConfigurationList section */
	};
	rootObject = EEC7F13725C3B17400C77797 /* Project object */;
}
